Microsoft Visual Studio Solution File, Format Version 12.00
# Visual Studio Version 16
VisualStudioVersion = 16.0.29806.167
MinimumVisualStudioVersion = 10.0.40219.1
Project("{F184B08F-C81C-45F6-A57F-5ABD9991F28F}") = "DragDropExample", "DragDropExample\DragDropExample.vbproj", "{ECF576B1-E359-4CFF-A691-11B261387AE1}"
EndProject
Global
	GlobalSection(SolutionConfigurationPlatforms) = preSolution
		Debug|Any CPU = Debug|Any CPU
		Release|Any CPU = Release|Any CPU
	EndGlobalSection
	GlobalSection(ProjectConfigurationPlatforms) = postSolution
		{ECF576B1-E359-4CFF-A691-11B261387AE1}.Debug|Any CPU.ActiveCfg = Debug|Any CPU
		{ECF576B1-E359-4CFF-A691-11B261387AE1}.Debug|Any CPU.Build.0 = Debug|Any CPU
		{ECF576B1-E359-4CFF-A691-11B261387AE1}.Release|Any CPU.ActiveCfg = Release|Any CPU
		{ECF576B1-E359-4CFF-A691-11B261387AE1}.Release|Any CPU.Build.0 = Release|Any CPU
	EndGlobalSection
	GlobalSection(SolutionProperties) = preSolution
		HideSolutionNode = FALSE
	EndGlobalSection
	GlobalSection(ExtensibilityGlobals) = postSolution
		SolutionGuid = {DCFA67DE-2239-4440-B81B-87867475F89B}
	EndGlobalSection
EndGlobal
